
Microsoft Visual Studio Solution File, Format Version 12.00
# Visual Studio Version 17
VisualStudioVersion = 17.4.33103.184
MinimumVisualStudioVersion = 10.0.40219.1
Project("{FAE04EC0-301F-11D3-BF4B-00C04F79EFBC}") = "HotelListing.API", "HotelListing.API\HotelListing.API.csproj", "{36C34D95-E6A8-46F0-8AE3-DFD6237978CC}"
EndProject
Global
	GlobalSection(SolutionConfigurationPlatforms) = preSolution
		Debug|Any CPU = Debug|Any CPU
		Release|Any CPU = Release|Any CPU
	EndGlobalSection
	GlobalSection(ProjectConfigurationPlatforms) = postSolution
		{36C34D95-E6A8-46F0-8AE3-DFD6237978CC}.Debug|Any CPU.ActiveCfg = Debug|Any CPU
		{36C34D95-E6A8-46F0-8AE3-DFD6237978CC}.Debug|Any CPU.Build.0 = Debug|Any CPU
		{36C34D95-E6A8-46F0-8AE3-DFD6237978CC}.Release|Any CPU.ActiveCfg = Release|Any CPU
		{36C34D95-E6A8-46F0-8AE3-DFD6237978CC}.Release|Any CPU.Build.0 = Release|Any CPU
	EndGlobalSection
	GlobalSection(SolutionProperties) = preSolution
		HideSolutionNode = FALSE
	EndGlobalSection
	GlobalSection(ExtensibilityGlobals) = postSolution
		SolutionGuid = {19CA6620-420B-4499-8D94-0E2508904E5B}
	EndGlobalSection
EndGlobal
